version = 1
requires-python = ">=3.12"

[[package]]
name = "anytree"
version = "2.12.1"
source = { registry = "https://pypi.org/simple" }
dependencies = [
    { name = "six" },
]
sdist = { url = "https://files.pythonhosted.org/packages/f9/44/2dd9c5d0c3befe899738b930aa056e003b1441bfbf34aab8fce90b2b7dea/anytree-2.12.1.tar.gz", hash = "sha256:244def434ccf31b668ed282954e5d315b4e066c4940b94aff4a7962d85947830", size = 31110 }
wheels = [
    { url = "https://files.pythonhosted.org/packages/6a/fb/ff946843e6b55ae9fda84df3964d6c233cd2261dface789f5be02ab79bc5/anytree-2.12.1-py3-none-any.whl", hash = "sha256:5ea9e61caf96db1e5b3d0a914378d2cd83c269dfce1fb8242ce96589fa3382f0", size = 44914 },
]

[[package]]
name = "ply"
version = "3.11"
source = { registry = "https://pypi.org/simple" }
sdist = { url = "https://files.pythonhosted.org/packages/e5/69/882ee5c9d017149285cab114ebeab373308ef0f874fcdac9beb90e0ac4da/ply-3.11.tar.gz", hash = "sha256:00c7c1aaa88358b9c765b6d3000c6eec0ba42abca5351b095321aef446081da3", size = 159130 }
wheels = [
    { url = "https://files.pythonhosted.org/packages/a3/58/35da89ee790598a0700ea49b2a66594140f44dec458c07e8e3d4979137fc/ply-3.11-py2.py3-none-any.whl", hash = "sha256:096f9b8350b65ebd2fd1346b12452efe5b9607f7482813ffca50c22722a807ce", size = 49567 },
]

[[package]]
name = "six"
version = "1.17.0"
source = { registry = "https://pypi.org/simple" }
sdist = { url = "https://files.pythonhosted.org/packages/94/e7/b2c673351809dca68a0e064b6af791aa332cf192da575fd474ed7d6f16a2/six-1.17.0.tar.gz", hash = "sha256:ff70335d468e7eb6ec65b95b99d3a2836546063f63acc5171de367e834932a81", size = 34031 }
wheels = [
    { url = "https://files.pythonhosted.org/packages/b7/ce/149a00dd41f10bc29e5921b496af8b574d8413afcd5e30dfa0ed46c2cc5e/six-1.17.0-py2.py3-none-any.whl", hash = "sha256:4721f391ed90541fddacab5acf947aa0d3dc7d27b2e1e8eda2be8970586c3274", size = 11050 },
]

[[package]]
name = "trabalho-sindarin"
version = "0.1.0"
source = { editable = "." }
dependencies = [
    { name = "anytree" },
    { name = "ply" },
]

[package.metadata]
requires-dist = [
    { name = "anytree", specifier = ">=2.12.1" },
    { name = "ply", specifier = ">=3.11" },
]
